
Microsoft Visual Studio Solution File, Format Version 12.00
# Visual Studio Version 16
VisualStudioVersion = 16.0.30804.86
MinimumVisualStudioVersion = 10.0.40219.1
Project("{FAE04EC0-301F-11D3-BF4B-00C04F79EFBC}") = "ReactBlogSite.Web", "ReactBlogSite.Web\ReactBlogSite.Web.csproj", "{1936FC85-0519-434B-8277-D9A0C1D78329}"
EndProject
Project("{FAE04EC0-301F-11D3-BF4B-00C04F79EFBC}") = "ReactBlogSite.Data", "ReactBlogSite.Data\ReactBlogSite.Data.csproj", "{38EDC643-6717-41FD-A3FA-47A3939894C5}"
EndProject
Global
	GlobalSection(SolutionConfigurationPlatforms) = preSolution
		Debug|Any CPU = Debug|Any CPU
		Release|Any CPU = Release|Any CPU
	EndGlobalSection
	GlobalSection(ProjectConfigurationPlatforms) = postSolution
		{1936FC85-0519-434B-8277-D9A0C1D78329}.Debug|Any CPU.ActiveCfg = Debug|Any CPU
		{1936FC85-0519-434B-8277-D9A0C1D78329}.Debug|Any CPU.Build.0 = Debug|Any CPU
		{1936FC85-0519-434B-8277-D9A0C1D78329}.Release|Any CPU.ActiveCfg = Release|Any CPU
		{1936FC85-0519-434B-8277-D9A0C1D78329}.Release|Any CPU.Build.0 = Release|Any CPU
		{38EDC643-6717-41FD-A3FA-47A3939894C5}.Debug|Any CPU.ActiveCfg = Debug|Any CPU
		{38EDC643-6717-41FD-A3FA-47A3939894C5}.Debug|Any CPU.Build.0 = Debug|Any CPU
		{38EDC643-6717-41FD-A3FA-47A3939894C5}.Release|Any CPU.ActiveCfg = Release|Any CPU
		{38EDC643-6717-41FD-A3FA-47A3939894C5}.Release|Any CPU.Build.0 = Release|Any CPU
	EndGlobalSection
	GlobalSection(SolutionProperties) = preSolution
		HideSolutionNode = FALSE
	EndGlobalSection
	GlobalSection(ExtensibilityGlobals) = postSolution
		SolutionGuid = {9917C60A-A961-4D01-9327-2E01D627D431}
	EndGlobalSection
EndGlobal
